// !$*UTF8*$!
{
	archiveVersion = 1;
	classes = {
	};
	objectVersion = 46;
	objects = {

/* Begin PBXBuildFile section */
		BFF8B0781C0D338100E55A6D /* Assets.xcassets in Resources */ = {isa = PBXBuildFile; fileRef = BFF8B0771C0D338100E55A6D /* Assets.xcassets */; };
		BFF8B0831C0D33B000E55A6D /* LaunchScreen.storyboard in Resources */ = {isa = PBXBuildFile; fileRef = BFF8B0821C0D33B000E55A6D /* LaunchScreen.storyboard */; };
		BFF8B0851C0D33B700E55A6D /* Main.storyboard in Resources */ = {isa = PBXBuildFile; fileRef = BFF8B0841C0D33B700E55A6D /* Main.storyboard */; };
		BFF8B0871C0D33CC00E55A6D /* AppDelegate.swift in Sources */ = {isa = PBXBuildFile; fileRef = BFF8B0861C0D33CC00E55A6D /* AppDelegate.swift */; };
		BFF8B0901C0D33E800E55A6D /* FeedViewCell.swift in Sources */ = {isa = PBXBuildFile; fileRef = BFF8B08B1C0D33E800E55A6D /* FeedViewCell.swift */; };
		BFF8B0911C0D33E800E55A6D /* FeedViewController.swift in Sources */ = {isa = PBXBuildFile; fileRef = BFF8B08C1C0D33E800E55A6D /* FeedViewController.swift */; };
		BFF8B0921C0D33E800E55A6D /* TableViewCell.swift in Sources */ = {isa = PBXBuildFile; fileRef = BFF8B08D1C0D33E800E55A6D /* TableViewCell.swift */; };
		BFF8B0931C0D33E900E55A6D /* TableViewController.swift in Sources */ = {isa = PBXBuildFile; fileRef = BFF8B08E1C0D33E800E55A6D /* TableViewController.swift */; };
		BFF8B0991C0D34B700E55A6D /* NSDate+dateFromInternetDateTimeString.swift in Sources */ = {isa = PBXBuildFile; fileRef = BFF8B0941C0D34B700E55A6D /* NSDate+dateFromInternetDateTimeString.swift */; };
		BFF8B09A1C0D34B700E55A6D /* RSSFeed.swift in Sources */ = {isa = PBXBuildFile; fileRef = BFF8B0951C0D34B700E55A6D /* RSSFeed.swift */; };
		BFF8B09B1C0D34B700E55A6D /* RSSItem.swift in Sources */ = {isa = PBXBuildFile; fileRef = BFF8B0961C0D34B700E55A6D /* RSSItem.swift */; };
		BFF8B09C1C0D34B700E55A6D /* RSSParser.swift in Sources */ = {isa = PBXBuildFile; fileRef = BFF8B0971C0D34B700E55A6D /* RSSParser.swift */; };
		BFF8B09D1C0D34B700E55A6D /* String+imageLinksFromHTML.swift in Sources */ = {isa = PBXBuildFile; fileRef = BFF8B0981C0D34B700E55A6D /* String+imageLinksFromHTML.swift */; };
/* End PBXBuildFile section */

/* Begin PBXFileReference section */
		BFF8B06D1C0D338100E55A6D /* FeedMe.app */ = {isa = PBXFileReference; explicitFileType = wrapper.application; includeInIndex = 0; path = FeedMe.app; sourceTree = BUILT_PRODUCTS_DIR; };
		BFF8B0771C0D338100E55A6D /* Assets.xcassets */ = {isa = PBXFileReference; lastKnownFileType = folder.assetcatalog; path = Assets.xcassets; sourceTree = "<group>"; };
		BFF8B0821C0D33B000E55A6D /* LaunchScreen.storyboard */ = {isa = PBXFileReference; fileEncoding = 4; lastKnownFileType = file.storyboard; path = LaunchScreen.storyboard; sourceTree = "<group>"; };
		BFF8B0841C0D33B700E55A6D /* Main.storyboard */ = {isa = PBXFileReference; fileEncoding = 4; lastKnownFileType = file.storyboard; path = Main.storyboard; sourceTree = "<group>"; };
		BFF8B0861C0D33CC00E55A6D /* AppDelegate.swift */ = {isa = PBXFileReference; fileEncoding = 4; lastKnownFileType = sourcecode.swift; path = AppDelegate.swift; sourceTree = "<group>"; };
		BFF8B0881C0D33E000E55A6D /* Info.plist */ = {isa = PBXFileReference; fileEncoding = 4; lastKnownFileType = text.plist.xml; path = Info.plist; sourceTree = "<group>"; };
		BFF8B08B1C0D33E800E55A6D /* FeedViewCell.swift */ = {isa = PBXFileReference; fileEncoding = 4; lastKnownFileType = sourcecode.swift; path = FeedViewCell.swift; sourceTree = "<group>"; };
		BFF8B08C1C0D33E800E55A6D /* FeedViewController.swift */ = {isa = PBXFileReference; fileEncoding = 4; lastKnownFileType = sourcecode.swift; path = FeedViewController.swift; sourceTree = "<group>"; };
		BFF8B08D1C0D33E800E55A6D /* TableViewCell.swift */ = {isa = PBXFileReference; fileEncoding = 4; lastKnownFileType = sourcecode.swift; path = TableViewCell.swift; sourceTree = "<group>"; };
		BFF8B08E1C0D33E800E55A6D /* TableViewController.swift */ = {isa = PBXFileReference; fileEncoding = 4; lastKnownFileType = sourcecode.swift; path = TableViewController.swift; sourceTree = "<group>"; };
		BFF8B0941C0D34B700E55A6D /* NSDate+dateFromInternetDateTimeString.swift */ = {isa = PBXFileReference; fileEncoding = 4; lastKnownFileType = sourcecode.swift; path = "NSDate+dateFromInternetDateTimeString.swift"; sourceTree = "<group>"; };
		BFF8B0951C0D34B700E55A6D /* RSSFeed.swift */ = {isa = PBXFileReference; fileEncoding = 4; lastKnownFileType = sourcecode.swift; path = RSSFeed.swift; sourceTree = "<group>"; };
		BFF8B0961C0D34B700E55A6D /* RSSItem.swift */ = {isa = PBXFileReference; fileEncoding = 4; lastKnownFileType = sourcecode.swift; path = RSSItem.swift; sourceTree = "<group>"; };
		BFF8B0971C0D34B700E55A6D /* RSSParser.swift */ = {isa = PBXFileReference; fileEncoding = 4; lastKnownFileType = sourcecode.swift; path = RSSParser.swift; sourceTree = "<group>"; };
		BFF8B0981C0D34B700E55A6D /* String+imageLinksFromHTML.swift */ = {isa = PBXFileReference; fileEncoding = 4; lastKnownFileType = sourcecode.swift; path = "String+imageLinksFromHTML.swift"; sourceTree = "<group>"; };
/* End PBXFileReference section */

/* Begin PBXFrameworksBuildPhase section */
		BFF8B06A1C0D338100E55A6D /* Frameworks */ = {
			isa = PBXFrameworksBuildPhase;
			buildActionMask = 2147483647;
			files = (
			);
			runOnlyForDeploymentPostprocessing = 0;
		};
/* End PBXFrameworksBuildPhase section */

/* Begin PBXGroup section */
		BFF8B0641C0D338100E55A6D = {
			isa = PBXGroup;
			children = (
				BFF8B06F1C0D338100E55A6D /* FeedMe */,
				BFF8B06E1C0D338100E55A6D /* Products */,
			);
			sourceTree = "<group>";
		};
		BFF8B06E1C0D338100E55A6D /* Products */ = {
			isa = PBXGroup;
			children = (
				BFF8B06D1C0D338100E55A6D /* FeedMe.app */,
			);
			name = Products;
			sourceTree = "<group>";
		};
		BFF8B06F1C0D338100E55A6D /* FeedMe */ = {
			isa = PBXGroup;
			children = (
				BFF8B0861C0D33CC00E55A6D /* AppDelegate.swift */,
				BFF8B0841C0D33B700E55A6D /* Main.storyboard */,
				BFF8B08E1C0D33E800E55A6D /* TableViewController.swift */,
				BFF8B08D1C0D33E800E55A6D /* TableViewCell.swift */,
				BFF8B08C1C0D33E800E55A6D /* FeedViewController.swift */,
				BFF8B08B1C0D33E800E55A6D /* FeedViewCell.swift */,
				BFF8B0771C0D338100E55A6D /* Assets.xcassets */,
				BFF8B0821C0D33B000E55A6D /* LaunchScreen.storyboard */,
				BFF8B0941C0D34B700E55A6D /* NSDate+dateFromInternetDateTimeString.swift */,
				BFF8B0951C0D34B700E55A6D /* RSSFeed.swift */,
				BFF8B0961C0D34B700E55A6D /* RSSItem.swift */,
				BFF8B0971C0D34B700E55A6D /* RSSParser.swift */,
				BFF8B0981C0D34B700E55A6D /* String+imageLinksFromHTML.swift */,
				BFF8B0881C0D33E000E55A6D /* Info.plist */,
			);
			path = FeedMe;
			sourceTree = "<group>";
		};
/* End PBXGroup section */

/* Begin PBXNativeTarget section */
		BFF8B06C1C0D338100E55A6D /* FeedMe */ = {
			isa = PBXNativeTarget;
			buildConfigurationList = BFF8B07F1C0D338100E55A6D /* Build configuration list for PBXNativeTarget "FeedMe" */;
			buildPhases = (
				BFF8B0691C0D338100E55A6D /* Sources */,
				BFF8B06A1C0D338100E55A6D /* Frameworks */,
				BFF8B06B1C0D338100E55A6D /* Resources */,
			);
			buildRules = (
			);
			dependencies = (
			);
			name = FeedMe;
			productName = FeedMe;
			productReference = BFF8B06D1C0D338100E55A6D /* FeedMe.app */;
			productType = "com.apple.product-type.application";
		};
/* End PBXNativeTarget section */

/* Begin PBXProject section */
		BFF8B0651C0D338100E55A6D /* Project object */ = {
			isa = PBXProject;
			attributes = {
				LastSwiftUpdateCheck = 0710;
				LastUpgradeCheck = 0800;
				ORGANIZATIONNAME = "Matt Barker";
				TargetAttributes = {
					BFF8B06C1C0D338100E55A6D = {
						CreatedOnToolsVersion = 7.1.1;
						DevelopmentTeam = FV2G57GLFW;
						LastSwiftMigration = 0800;
					};
				};
			};
			buildConfigurationList = BFF8B0681C0D338100E55A6D /* Build configuration list for PBXProject "FeedMe" */;
			compatibilityVersion = "Xcode 3.2";
			developmentRegion = English;
			hasScannedForEncodings = 0;
			knownRegions = (
				en,
				Base,
			);
			mainGroup = BFF8B0641C0D338100E55A6D;
			productRefGroup = BFF8B06E1C0D338100E55A6D /* Products */;
			projectDirPath = "";
			projectRoot = "";
			targets = (
				BFF8B06C1C0D338100E55A6D /* FeedMe */,
			);
		};
/* End PBXProject section */

/* Begin PBXResourcesBuildPhase section */
		BFF8B06B1C0D338100E55A6D /* Resources */ = {
			isa = PBXResourcesBuildPhase;
			buildActionMask = 2147483647;
			files = (
				BFF8B0851C0D33B700E55A6D /* Main.storyboard in Resources */,
				BFF8B0781C0D338100E55A6D /* Assets.xcassets in Resources */,
				BFF8B0831C0D33B000E55A6D /* LaunchScreen.storyboard in Resources */,
			);
			runOnlyForDeploymentPostprocessing = 0;
		};
/* End PBXResourcesBuildPhase section */

/* Begin PBXSourcesBuildPhase section */
		BFF8B0691C0D338100E55A6D /* Sources */ = {
			isa = PBXSourcesBuildPhase;
			buildActionMask = 2147483647;
			files = (
				BFF8B09B1C0D34B700E55A6D /* RSSItem.swift in Sources */,
				BFF8B0921C0D33E800E55A6D /* TableViewCell.swift in Sources */,
				BFF8B0931C0D33E900E55A6D /* TableViewController.swift in Sources */,
				BFF8B0991C0D34B700E55A6D /* NSDate+dateFromInternetDateTimeString.swift in Sources */,
				BFF8B0871C0D33CC00E55A6D /* AppDelegate.swift in Sources */,
				BFF8B09A1C0D34B700E55A6D /* RSSFeed.swift in Sources */,
				BFF8B0911C0D33E800E55A6D /* FeedViewController.swift in Sources */,
				BFF8B09D1C0D34B700E55A6D /* String+imageLinksFromHTML.swift in Sources */,
				BFF8B0901C0D33E800E55A6D /* FeedViewCell.swift in Sources */,
				BFF8B09C1C0D34B700E55A6D /* RSSParser.swift in Sources */,
			);
			runOnlyForDeploymentPostprocessing = 0;
		};
/* End PBXSourcesBuildPhase section */

/* Begin XCBuildConfiguration section */
		BFF8B07D1C0D338100E55A6D /* Debug */ = {
			isa = XCBuildConfiguration;
			buildSettings = {
				ALWAYS_SEARCH_USER_PATHS = NO;
				CLANG_CXX_LANGUAGE_STANDARD = "gnu++0x";
				CLANG_CXX_LIBRARY = "libc++";
				CLANG_ENABLE_MODULES = YES;
				CLANG_ENABLE_OBJC_ARC = YES;
				CLANG_WARN_BOOL_CONVERSION = YES;
				CLANG_WARN_CONSTANT_CONVERSION = YES;
				CLANG_WARN_DIRECT_OBJC_ISA_USAGE = YES_ERROR;
				CLANG_WARN_EMPTY_BODY = YES;
				CLANG_WARN_ENUM_CONVERSION = YES;
				CLANG_WARN_INFINITE_RECURSION = YES;
				CLANG_WARN_INT_CONVERSION = YES;
				CLANG_WARN_OBJC_ROOT_CLASS = YES_ERROR;
				CLANG_WARN_SUSPICIOUS_MOVE = YES;
				CLANG_WARN_UNREACHABLE_CODE = YES;
				CLANG_WARN__DUPLICATE_METHOD_MATCH = YES;
				"CODE_SIGN_IDENTITY[sdk=iphoneos*]" = "iPhone Developer";
				COPY_PHASE_STRIP = NO;
				DEBUG_INFORMATION_FORMAT = dwarf;
				ENABLE_STRICT_OBJC_MSGSEND = YES;
				ENABLE_TESTABILITY = YES;
				GCC_C_LANGUAGE_STANDARD = gnu99;
				GCC_DYNAMIC_NO_PIC = NO;
				GCC_NO_COMMON_BLOCKS = YES;
				GCC_OPTIMIZATION_LEVEL = 0;
				GCC_PREPROCESSOR_DEFINITIONS = (
					"DEBUG=1",
					"$(inherited)",
				);
				GCC_WARN_64_TO_32_BIT_CONVERSION = YES;
				GCC_WARN_ABOUT_RETURN_TYPE = YES_ERROR;
				GCC_WARN_UNDECLARED_SELECTOR = YES;
				GCC_WARN_UNINITIALIZED_AUTOS = YES_AGGRESSIVE;
				GCC_WARN_UNUSED_FUNCTION = YES;
				GCC_WARN_UNUSED_VARIABLE = YES;
				IPHONEOS_DEPLOYMENT_TARGET = 9.1;
				MTL_ENABLE_DEBUG_INFO = YES;
				ONLY_ACTIVE_ARCH = YES;
				SDKROOT = iphoneos;
				SWIFT_OPTIMIZATION_LEVEL = "-Onone";
				TARGETED_DEVICE_FAMILY = "1,2";
			};
			name = Debug;
		};
		BFF8B07E1C0D338100E55A6D /* Release */ = {
			isa = XCBuildConfiguration;
			buildSettings = {
				ALWAYS_SEARCH_USER_PATHS = NO;
				CLANG_CXX_LANGUAGE_STANDARD = "gnu++0x";
				CLANG_CXX_LIBRARY = "libc++";
				CLANG_ENABLE_MODULES = YES;
				CLANG_ENABLE_OBJC_ARC = YES;
				CLANG_WARN_BOOL_CONVERSION = YES;
				CLANG_WARN_CONSTANT_CONVERSION = YES;
				CLANG_WARN_DIRECT_OBJC_ISA_USAGE = YES_ERROR;
				CLANG_WARN_EMPTY_BODY = YES;
				CLANG_WARN_ENUM_CONVERSION = YES;
				CLANG_WARN_INFINITE_RECURSION = YES;
				CLANG_WARN_INT_CONVERSION = YES;
				CLANG_WARN_OBJC_ROOT_CLASS = YES_ERROR;
				CLANG_WARN_SUSPICIOUS_MOVE = YES;
				CLANG_WARN_UNREACHABLE_CODE = YES;
				CLANG_WARN__DUPLICATE_METHOD_MATCH = YES;
				"CODE_SIGN_IDENTITY[sdk=iphoneos*]" = "iPhone Developer";
				COPY_PHASE_STRIP = NO;
				DEBUG_INFORMATION_FORMAT = "dwarf-with-dsym";
				ENABLE_NS_ASSERTIONS = NO;
				ENABLE_STRICT_OBJC_MSGSEND = YES;
				GCC_C_LANGUAGE_STANDARD = gnu99;
				GCC_NO_COMMON_BLOCKS = YES;
				GCC_WARN_64_TO_32_BIT_CONVERSION = YES;
				GCC_WARN_ABOUT_RETURN_TYPE = YES_ERROR;
				GCC_WARN_UNDECLARED_SELECTOR = YES;
				GCC_WARN_UNINITIALIZED_AUTOS = YES_AGGRESSIVE;
				GCC_WARN_UNUSED_FUNCTION = YES;
				GCC_WARN_UNUSED_VARIABLE = YES;
				IPHONEOS_DEPLOYMENT_TARGET = 9.1;
				MTL_ENABLE_DEBUG_INFO = NO;
				SDKROOT = iphoneos;
				SWIFT_OPTIMIZATION_LEVEL = "-Owholemodule";
				TARGETED_DEVICE_FAMILY = "1,2";
				VALIDATE_PRODUCT = YES;
			};
			name = Release;
		};
		BFF8B0801C0D338100E55A6D /* Debug */ = {
			isa = XCBuildConfiguration;
			buildSettings = {
				ASSETCATALOG_COMPILER_APPICON_NAME = AppIcon;
				INFOPLIST_FILE = FeedMe/Info.plist;
				IPHONEOS_DEPLOYMENT_TARGET = 9.0;
				LD_RUNPATH_SEARCH_PATHS = "$(inherited) @executable_path/Frameworks";
				PRODUCT_BUNDLE_IDENTIFIER = "Paft-Dunk.FeedMe";
				PRODUCT_NAME = "$(TARGET_NAME)";
				SWIFT_VERSION = 3.0;
			};
			name = Debug;
		};
		BFF8B0811C0D338100E55A6D /* Release */ = {
			isa = XCBuildConfiguration;
			buildSettings = {
				ASSETCATALOG_COMPILER_APPICON_NAME = AppIcon;
				INFOPLIST_FILE = FeedMe/Info.plist;
				IPHONEOS_DEPLOYMENT_TARGET = 9.0;
				LD_RUNPATH_SEARCH_PATHS = "$(inherited) @executable_path/Frameworks";
				PRODUCT_BUNDLE_IDENTIFIER = "Paft-Dunk.FeedMe";
				PRODUCT_NAME = "$(TARGET_NAME)";
				SWIFT_VERSION = 3.0;
			};
			name = Release;
		};
/* End XCBuildConfiguration section */

/* Begin XCConfigurationList section */
		BFF8B0681C0D338100E55A6D /* Build configuration list for PBXProject "FeedMe" */ = {
			isa = XCConfigurationList;
			buildConfigurations = (
				BFF8B07D1C0D338100E55A6D /* Debug */,
				BFF8B07E1C0D338100E55A6D /* Release */,
			);
			defaultConfigurationIsVisible = 0;
			defaultConfigurationName = Release;
		};
		BFF8B07F1C0D338100E55A6D /* Build configuration list for PBXNativeTarget "FeedMe" */ = {
			isa = XCConfigurationList;
			buildConfigurations = (
				BFF8B0801C0D338100E55A6D /* Debug */,
				BFF8B0811C0D338100E55A6D /* Release */,
			);
			defaultConfigurationIsVisible = 0;
			defaultConfigurationName = Release;
		};
/* End XCConfigurationList section */
	};
	rootObject = BFF8B0651C0D338100E55A6D /* Project object */;
}
